{
  "name": "src",
  "lockfileVersion": 3,
  "requires": true,
  "packages": {
    "": {
      "devDependencies": {
        "@cloudflare/workers-types": "^4.20260210.0"
      }
    },
    "node_modules/@cloudflare/workers-types": {
      "version": "4.20260210.0",
      "resolved": "https://registry.npmjs.org/@cloudflare/workers-types/-/workers-types-4.20260210.0.tgz",
      "integrity": "sha512-zHaF0RZVYUQwNCJCECnNAJdMur72Lk3FMiD6wU78Dx3Bv7DQRcuXNmPNuJmsGnosVZCcWintHlPTQ/4BEiDG5w==",
      "dev": true,
      "license": "MIT OR Apache-2.0"
    }
  }
}
